
Microsoft Visual Studio Solution File, Format Version 12.00
# Visual Studio Version 16
VisualStudioVersion = 16.0.30011.22
MinimumVisualStudioVersion = 10.0.40219.1
Project("{FAE04EC0-301F-11D3-BF4B-00C04F79EFBC}") = "projPetHouse_Chernoviews", "projPetHouse_Chernoviews.csproj", "{2F55ACA5-DD42-4D0E-8AC2-E50EFC0802F3}"
EndProject
Global
	GlobalSection(SolutionConfigurationPlatforms) = preSolution
		Debug|Any CPU = Debug|Any CPU
		Release|Any CPU = Release|Any CPU
	EndGlobalSection
	GlobalSection(ProjectConfigurationPlatforms) = postSolution
		{2F55ACA5-DD42-4D0E-8AC2-E50EFC0802F3}.Debug|Any CPU.ActiveCfg = Debug|Any CPU
		{2F55ACA5-DD42-4D0E-8AC2-E50EFC0802F3}.Debug|Any CPU.Build.0 = Debug|Any CPU
		{2F55ACA5-DD42-4D0E-8AC2-E50EFC0802F3}.Release|Any CPU.ActiveCfg = Release|Any CPU
		{2F55ACA5-DD42-4D0E-8AC2-E50EFC0802F3}.Release|Any CPU.Build.0 = Release|Any CPU
	EndGlobalSection
	GlobalSection(SolutionProperties) = preSolution
		HideSolutionNode = FALSE
	EndGlobalSection
	GlobalSection(ExtensibilityGlobals) = postSolution
		SolutionGuid = {0BCB67B2-9BD7-43A7-8F3D-5C92233C8221}
	EndGlobalSection
EndGlobal
